
Microsoft Visual Studio Solution File, Format Version 12.00
# Visual Studio 15
VisualStudioVersion = 15.0.27428.2043
MinimumVisualStudioVersion = 10.0.40219.1
Project("{FAE04EC0-301F-11D3-BF4B-00C04F79EFBC}") = "UsersIdentity", "UsersIdentity\UsersIdentity.csproj", "{8E1DBBDD-1334-4E74-8256-7B9F462CCA1E}"
EndProject
Global
	GlobalSection(SolutionConfigurationPlatforms) = preSolution
		Debug|Any CPU = Debug|Any CPU
		Release|Any CPU = Release|Any CPU
	EndGlobalSection
	GlobalSection(ProjectConfigurationPlatforms) = postSolution
		{8E1DBBDD-1334-4E74-8256-7B9F462CCA1E}.Debug|Any CPU.ActiveCfg = Debug|Any CPU
		{8E1DBBDD-1334-4E74-8256-7B9F462CCA1E}.Debug|Any CPU.Build.0 = Debug|Any CPU
		{8E1DBBDD-1334-4E74-8256-7B9F462CCA1E}.Release|Any CPU.ActiveCfg = Release|Any CPU
		{8E1DBBDD-1334-4E74-8256-7B9F462CCA1E}.Release|Any CPU.Build.0 = Release|Any CPU
	EndGlobalSection
	GlobalSection(SolutionProperties) = preSolution
		HideSolutionNode = FALSE
	EndGlobalSection
	GlobalSection(ExtensibilityGlobals) = postSolution
		SolutionGuid = {17EFA189-AD4F-4A52-BFFF-091DC46FC135}
	EndGlobalSection
EndGlobal
